
Microsoft Visual Studio Solution File, Format Version 12.00
# Visual Studio Version 17
VisualStudioVersion = 17.9.34616.47
MinimumVisualStudioVersion = 10.0.40219.1
Project("{FAE04EC0-301F-11D3-BF4B-00C04F79EFBC}") = "ICE TASK 2 PROG6221", "ICE TASK 2 PROG6221.csproj", "{FEAD1B55-2005-4F69-A032-475D65686F4C}"
EndProject
Global
	GlobalSection(SolutionConfigurationPlatforms) = preSolution
		Debug|Any CPU = Debug|Any CPU
		Release|Any CPU = Release|Any CPU
	EndGlobalSection
	GlobalSection(ProjectConfigurationPlatforms) = postSolution
		{FEAD1B55-2005-4F69-A032-475D65686F4C}.Debug|Any CPU.ActiveCfg = Debug|Any CPU
		{FEAD1B55-2005-4F69-A032-475D65686F4C}.Debug|Any CPU.Build.0 = Debug|Any CPU
		{FEAD1B55-2005-4F69-A032-475D65686F4C}.Release|Any CPU.ActiveCfg = Release|Any CPU
		{FEAD1B55-2005-4F69-A032-475D65686F4C}.Release|Any CPU.Build.0 = Release|Any CPU
	EndGlobalSection
	GlobalSection(SolutionProperties) = preSolution
		HideSolutionNode = FALSE
	EndGlobalSection
	GlobalSection(ExtensibilityGlobals) = postSolution
		SolutionGuid = {6C938AF5-D567-4F33-96BC-C7C2FBB32302}
	EndGlobalSection
EndGlobal
